// !$*UTF8*$!
{
	archiveVersion = 1;
	classes = {
	};
	objectVersion = 55;
	objects = {

/* Begin PBXBuildFile section */
		7C8B1B77E8460F9AA6C85371 /* Pods_ToDoRealmApp.framework in Frameworks */ = {isa = PBXBuildFile; fileRef = 23F6110666E013F68745AA25 /* Pods_ToDoRealmApp.framework */; };
		DCA793D2287AD5290008F577 /* AppDelegate.swift in Sources */ = {isa = PBXBuildFile; fileRef = DCA793D1287AD5290008F577 /* AppDelegate.swift */; };
		DCA793D4287AD5290008F577 /* SceneDelegate.swift in Sources */ = {isa = PBXBuildFile; fileRef = DCA793D3287AD5290008F577 /* SceneDelegate.swift */; };
		DCA793D9287AD5290008F577 /* Main.storyboard in Resources */ = {isa = PBXBuildFile; fileRef = DCA793D7287AD5290008F577 /* Main.storyboard */; };
		DCA793DB287AD52C0008F577 /* Assets.xcassets in Resources */ = {isa = PBXBuildFile; fileRef = DCA793DA287AD52C0008F577 /* Assets.xcassets */; };
		DCA793DE287AD52C0008F577 /* LaunchScreen.storyboard in Resources */ = {isa = PBXBuildFile; fileRef = DCA793DC287AD52C0008F577 /* LaunchScreen.storyboard */; };
		DCA793ED287AE1260008F577 /* TaskList.swift in Sources */ = {isa = PBXBuildFile; fileRef = DCA793EC287AE1260008F577 /* TaskList.swift */; };
		DCA793EF287AE2B60008F577 /* TaskListTableViewController.swift in Sources */ = {isa = PBXBuildFile; fileRef = DCA793EE287AE2B60008F577 /* TaskListTableViewController.swift */; };
		DCA793F1287AE2C60008F577 /* TaskTableViewController.swift in Sources */ = {isa = PBXBuildFile; fileRef = DCA793F0287AE2C60008F577 /* TaskTableViewController.swift */; };
		DCA793F3287AE3F60008F577 /* AlertController.swift in Sources */ = {isa = PBXBuildFile; fileRef = DCA793F2287AE3F60008F577 /* AlertController.swift */; };
		DCA793F5287AEC330008F577 /* StorageManager.swift in Sources */ = {isa = PBXBuildFile; fileRef = DCA793F4287AEC330008F577 /* StorageManager.swift */; };
		DCA793F7287AF91B0008F577 /* DataManager.swift in Sources */ = {isa = PBXBuildFile; fileRef = DCA793F6287AF91B0008F577 /* DataManager.swift */; };
		DCA793F9287B15730008F577 /* Extention + UITableViewCell.swift in Sources */ = {isa = PBXBuildFile; fileRef = DCA793F8287B15730008F577 /* Extention + UITableViewCell.swift */; };
/* End PBXBuildFile section */

/* Begin PBXFileReference section */
		23F6110666E013F68745AA25 /* Pods_ToDoRealmApp.framework */ = {isa = PBXFileReference; explicitFileType = wrapper.framework; includeInIndex = 0; path = Pods_ToDoRealmApp.framework; sourceTree = BUILT_PRODUCTS_DIR; };
		6F34048D10CC638FD697EA37 /* Pods-ToDoRealmApp.debug.xcconfig */ = {isa = PBXFileReference; includeInIndex = 1; lastKnownFileType = text.xcconfig; name = "Pods-ToDoRealmApp.debug.xcconfig"; path = "Target Support Files/Pods-ToDoRealmApp/Pods-ToDoRealmApp.debug.xcconfig"; sourceTree = "<group>"; };
		83E6A2DDAEB954EAF2B4A255 /* Pods-ToDoRealmApp.release.xcconfig */ = {isa = PBXFileReference; includeInIndex = 1; lastKnownFileType = text.xcconfig; name = "Pods-ToDoRealmApp.release.xcconfig"; path = "Target Support Files/Pods-ToDoRealmApp/Pods-ToDoRealmApp.release.xcconfig"; sourceTree = "<group>"; };
		DCA793CE287AD5290008F577 /* ToDoRealmApp.app */ = {isa = PBXFileReference; explicitFileType = wrapper.application; includeInIndex = 0; path = ToDoRealmApp.app; sourceTree = BUILT_PRODUCTS_DIR; };
		DCA793D1287AD5290008F577 /* AppDelegate.swift */ = {isa = PBXFileReference; lastKnownFileType = sourcecode.swift; path = AppDelegate.swift; sourceTree = "<group>"; };
		DCA793D3287AD5290008F577 /* SceneDelegate.swift */ = {isa = PBXFileReference; lastKnownFileType = sourcecode.swift; path = SceneDelegate.swift; sourceTree = "<group>"; };
		DCA793D8287AD5290008F577 /* Base */ = {isa = PBXFileReference; lastKnownFileType = file.storyboard; name = Base; path = Base.lproj/Main.storyboard; sourceTree = "<group>"; };
		DCA793DA287AD52C0008F577 /* Assets.xcassets */ = {isa = PBXFileReference; lastKnownFileType = folder.assetcatalog; path = Assets.xcassets; sourceTree = "<group>"; };
		DCA793DD287AD52C0008F577 /* Base */ = {isa = PBXFileReference; lastKnownFileType = file.storyboard; name = Base; path = Base.lproj/LaunchScreen.storyboard; sourceTree = "<group>"; };
		DCA793DF287AD52C0008F577 /* Info.plist */ = {isa = PBXFileReference; lastKnownFileType = text.plist.xml; path = Info.plist; sourceTree = "<group>"; };
		DCA793EC287AE1260008F577 /* TaskList.swift */ = {isa = PBXFileReference; lastKnownFileType = sourcecode.swift; path = TaskList.swift; sourceTree = "<group>"; };
		DCA793EE287AE2B60008F577 /* TaskListTableViewController.swift */ = {isa = PBXFileReference; lastKnownFileType = sourcecode.swift; path = TaskListTableViewController.swift; sourceTree = "<group>"; };
		DCA793F0287AE2C60008F577 /* TaskTableViewController.swift */ = {isa = PBXFileReference; lastKnownFileType = sourcecode.swift; path = TaskTableViewController.swift; sourceTree = "<group>"; };
		DCA793F2287AE3F60008F577 /* AlertController.swift */ = {isa = PBXFileReference; lastKnownFileType = sourcecode.swift; path = AlertController.swift; sourceTree = "<group>"; };
		DCA793F4287AEC330008F577 /* StorageManager.swift */ = {isa = PBXFileReference; lastKnownFileType = sourcecode.swift; path = StorageManager.swift; sourceTree = "<group>"; };
		DCA793F6287AF91B0008F577 /* DataManager.swift */ = {isa = PBXFileReference; lastKnownFileType = sourcecode.swift; path = DataManager.swift; sourceTree = "<group>"; };
		DCA793F8287B15730008F577 /* Extention + UITableViewCell.swift */ = {isa = PBXFileReference; lastKnownFileType = sourcecode.swift; path = "Extention + UITableViewCell.swift"; sourceTree = "<group>"; };
/* End PBXFileReference section */

/* Begin PBXFrameworksBuildPhase section */
		DCA793CB287AD5290008F577 /* Frameworks */ = {
			isa = PBXFrameworksBuildPhase;
			buildActionMask = 2147483647;
			files = (
				7C8B1B77E8460F9AA6C85371 /* Pods_ToDoRealmApp.framework in Frameworks */,
			);
			runOnlyForDeploymentPostprocessing = 0;
		};
/* End PBXFrameworksBuildPhase section */

/* Begin PBXGroup section */
		675339D5C90ADA268F8736BF /* Pods */ = {
			isa = PBXGroup;
			children = (
				6F34048D10CC638FD697EA37 /* Pods-ToDoRealmApp.debug.xcconfig */,
				83E6A2DDAEB954EAF2B4A255 /* Pods-ToDoRealmApp.release.xcconfig */,
			);
			path = Pods;
			sourceTree = "<group>";
		};
		DCA793C5287AD5290008F577 = {
			isa = PBXGroup;
			children = (
				DCA793D0287AD5290008F577 /* ToDoRealmApp */,
				DCA793CF287AD5290008F577 /* Products */,
				675339D5C90ADA268F8736BF /* Pods */,
				E01E9F7CFF33C319C4CADC0B /* Frameworks */,
			);
			sourceTree = "<group>";
		};
		DCA793CF287AD5290008F577 /* Products */ = {
			isa = PBXGroup;
			children = (
				DCA793CE287AD5290008F577 /* ToDoRealmApp.app */,
			);
			name = Products;
			sourceTree = "<group>";
		};
		DCA793D0287AD5290008F577 /* ToDoRealmApp */ = {
			isa = PBXGroup;
			children = (
				DCA793EB287ADF9E0008F577 /* Services */,
				DCA793E9287ADF900008F577 /* Models */,
				DCA793E8287ADF7C0008F577 /* Materials */,
				DCA793E7287ADF700008F577 /* SupportFiles */,
				DCA793E6287ADF680008F577 /* Storyboards */,
				DCA793E5287ADF5E0008F577 /* Controllers */,
			);
			path = ToDoRealmApp;
			sourceTree = "<group>";
		};
		DCA793E5287ADF5E0008F577 /* Controllers */ = {
			isa = PBXGroup;
			children = (
				DCA793EE287AE2B60008F577 /* TaskListTableViewController.swift */,
				DCA793F0287AE2C60008F577 /* TaskTableViewController.swift */,
				DCA793F2287AE3F60008F577 /* AlertController.swift */,
				DCA793F8287B15730008F577 /* Extention + UITableViewCell.swift */,
			);
			path = Controllers;
			sourceTree = "<group>";
		};
		DCA793E6287ADF680008F577 /* Storyboards */ = {
			isa = PBXGroup;
			children = (
				DCA793DC287AD52C0008F577 /* LaunchScreen.storyboard */,
				DCA793D7287AD5290008F577 /* Main.storyboard */,
			);
			path = Storyboards;
			sourceTree = "<group>";
		};
		DCA793E7287ADF700008F577 /* SupportFiles */ = {
			isa = PBXGroup;
			children = (
				DCA793DF287AD52C0008F577 /* Info.plist */,
				DCA793D3287AD5290008F577 /* SceneDelegate.swift */,
				DCA793D1287AD5290008F577 /* AppDelegate.swift */,
			);
			path = SupportFiles;
			sourceTree = "<group>";
		};
		DCA793E8287ADF7C0008F577 /* Materials */ = {
			isa = PBXGroup;
			children = (
				DCA793DA287AD52C0008F577 /* Assets.xcassets */,
			);
			path = Materials;
			sourceTree = "<group>";
		};
		DCA793E9287ADF900008F577 /* Models */ = {
			isa = PBXGroup;
			children = (
				DCA793EC287AE1260008F577 /* TaskList.swift */,
			);
			path = Models;
			sourceTree = "<group>";
		};
		DCA793EB287ADF9E0008F577 /* Services */ = {
			isa = PBXGroup;
			children = (
				DCA793F4287AEC330008F577 /* StorageManager.swift */,
				DCA793F6287AF91B0008F577 /* DataManager.swift */,
			);
			path = Services;
			sourceTree = "<group>";
		};
		E01E9F7CFF33C319C4CADC0B /* Frameworks */ = {
			isa = PBXGroup;
			children = (
				23F6110666E013F68745AA25 /* Pods_ToDoRealmApp.framework */,
			);
			name = Frameworks;
			sourceTree = "<group>";
		};
/* End PBXGroup section */

/* Begin PBXNativeTarget section */
		DCA793CD287AD5290008F577 /* ToDoRealmApp */ = {
			isa = PBXNativeTarget;
			buildConfigurationList = DCA793E2287AD52C0008F577 /* Build configuration list for PBXNativeTarget "ToDoRealmApp" */;
			buildPhases = (
				F073EE08B3C454172C092E48 /* [CP] Check Pods Manifest.lock */,
				DCA793CA287AD5290008F577 /* Sources */,
				DCA793CB287AD5290008F577 /* Frameworks */,
				DCA793CC287AD5290008F577 /* Resources */,
				4EEF7EDB010C25539684CAF0 /* [CP] Embed Pods Frameworks */,
			);
			buildRules = (
			);
			dependencies = (
			);
			name = ToDoRealmApp;
			productName = ToDoRealmApp;
			productReference = DCA793CE287AD5290008F577 /* ToDoRealmApp.app */;
			productType = "com.apple.product-type.application";
		};
/* End PBXNativeTarget section */

/* Begin PBXProject section */
		DCA793C6287AD5290008F577 /* Project object */ = {
			isa = PBXProject;
			attributes = {
				BuildIndependentTargetsInParallel = 1;
				LastSwiftUpdateCheck = 1340;
				LastUpgradeCheck = 1340;
				TargetAttributes = {
					DCA793CD287AD5290008F577 = {
						CreatedOnToolsVersion = 13.4.1;
					};
				};
			};
			buildConfigurationList = DCA793C9287AD5290008F577 /* Build configuration list for PBXProject "ToDoRealmApp" */;
			compatibilityVersion = "Xcode 13.0";
			developmentRegion = en;
			hasScannedForEncodings = 0;
			knownRegions = (
				en,
				Base,
			);
			mainGroup = DCA793C5287AD5290008F577;
			productRefGroup = DCA793CF287AD5290008F577 /* Products */;
			projectDirPath = "";
			projectRoot = "";
			targets = (
				DCA793CD287AD5290008F577 /* ToDoRealmApp */,
			);
		};
/* End PBXProject section */

/* Begin PBXResourcesBuildPhase section */
		DCA793CC287AD5290008F577 /* Resources */ = {
			isa = PBXResourcesBuildPhase;
			buildActionMask = 2147483647;
			files = (
				DCA793DE287AD52C0008F577 /* LaunchScreen.storyboard in Resources */,
				DCA793DB287AD52C0008F577 /* Assets.xcassets in Resources */,
				DCA793D9287AD5290008F577 /* Main.storyboard in Resources */,
			);
			runOnlyForDeploymentPostprocessing = 0;
		};
/* End PBXResourcesBuildPhase section */

/* Begin PBXShellScriptBuildPhase section */
		4EEF7EDB010C25539684CAF0 /* [CP] Embed Pods Frameworks */ = {
			isa = PBXShellScriptBuildPhase;
			buildActionMask = 2147483647;
			files = (
			);
			inputFileListPaths = (
				"${PODS_ROOT}/Target Support Files/Pods-ToDoRealmApp/Pods-ToDoRealmApp-frameworks-${CONFIGURATION}-input-files.xcfilelist",
			);
			name = "[CP] Embed Pods Frameworks";
			outputFileListPaths = (
				"${PODS_ROOT}/Target Support Files/Pods-ToDoRealmApp/Pods-ToDoRealmApp-frameworks-${CONFIGURATION}-output-files.xcfilelist",
			);
			runOnlyForDeploymentPostprocessing = 0;
			shellPath = /bin/sh;
			shellScript = "\"${PODS_ROOT}/Target Support Files/Pods-ToDoRealmApp/Pods-ToDoRealmApp-frameworks.sh\"\n";
			showEnvVarsInLog = 0;
		};
		F073EE08B3C454172C092E48 /* [CP] Check Pods Manifest.lock */ = {
			isa = PBXShellScriptBuildPhase;
			buildActionMask = 2147483647;
			files = (
			);
			inputFileListPaths = (
			);
			inputPaths = (
				"${PODS_PODFILE_DIR_PATH}/Podfile.lock",
				"${PODS_ROOT}/Manifest.lock",
			);
			name = "[CP] Check Pods Manifest.lock";
			outputFileListPaths = (
			);
			outputPaths = (
				"$(DERIVED_FILE_DIR)/Pods-ToDoRealmApp-checkManifestLockResult.txt",
			);
			runOnlyForDeploymentPostprocessing = 0;
			shellPath = /bin/sh;
			shellScript = "diff \"${PODS_PODFILE_DIR_PATH}/Podfile.lock\" \"${PODS_ROOT}/Manifest.lock\" > /dev/null\nif [ $? != 0 ] ; then\n    # print error to STDERR\n    echo \"error: The sandbox is not in sync with the Podfile.lock. Run 'pod install' or update your CocoaPods installation.\" >&2\n    exit 1\nfi\n# This output is used by Xcode 'outputs' to avoid re-running this script phase.\necho \"SUCCESS\" > \"${SCRIPT_OUTPUT_FILE_0}\"\n";
			showEnvVarsInLog = 0;
		};
/* End PBXShellScriptBuildPhase section */

/* Begin PBXSourcesBuildPhase section */
		DCA793CA287AD5290008F577 /* Sources */ = {
			isa = PBXSourcesBuildPhase;
			buildActionMask = 2147483647;
			files = (
				DCA793F9287B15730008F577 /* Extention + UITableViewCell.swift in Sources */,
				DCA793F1287AE2C60008F577 /* TaskTableViewController.swift in Sources */,
				DCA793F7287AF91B0008F577 /* DataManager.swift in Sources */,
				DCA793ED287AE1260008F577 /* TaskList.swift in Sources */,
				DCA793D2287AD5290008F577 /* AppDelegate.swift in Sources */,
				DCA793F5287AEC330008F577 /* StorageManager.swift in Sources */,
				DCA793EF287AE2B60008F577 /* TaskListTableViewController.swift in Sources */,
				DCA793F3287AE3F60008F577 /* AlertController.swift in Sources */,
				DCA793D4287AD5290008F577 /* SceneDelegate.swift in Sources */,
			);
			runOnlyForDeploymentPostprocessing = 0;
		};
/* End PBXSourcesBuildPhase section */

/* Begin PBXVariantGroup section */
		DCA793D7287AD5290008F577 /* Main.storyboard */ = {
			isa = PBXVariantGroup;
			children = (
				DCA793D8287AD5290008F577 /* Base */,
			);
			name = Main.storyboard;
			sourceTree = "<group>";
		};
		DCA793DC287AD52C0008F577 /* LaunchScreen.storyboard */ = {
			isa = PBXVariantGroup;
			children = (
				DCA793DD287AD52C0008F577 /* Base */,
			);
			name = LaunchScreen.storyboard;
			sourceTree = "<group>";
		};
/* End PBXVariantGroup section */

/* Begin XCBuildConfiguration section */
		DCA793E0287AD52C0008F577 /* Debug */ = {
			isa = XCBuildConfiguration;
			buildSettings = {
				ALWAYS_SEARCH_USER_PATHS = NO;
				CLANG_ANALYZER_NONNULL = YES;
				CLANG_ANALYZER_NUMBER_OBJECT_CONVERSION = YES_AGGRESSIVE;
				CLANG_CXX_LANGUAGE_STANDARD = "gnu++17";
				CLANG_ENABLE_MODULES = YES;
				CLANG_ENABLE_OBJC_ARC = YES;
				CLANG_ENABLE_OBJC_WEAK = YES;
				CLANG_WARN_BLOCK_CAPTURE_AUTORELEASING = YES;
				CLANG_WARN_BOOL_CONVERSION = YES;
				CLANG_WARN_COMMA = YES;
				CLANG_WARN_CONSTANT_CONVERSION = YES;
				CLANG_WARN_DEPRECATED_OBJC_IMPLEMENTATIONS = YES;
				CLANG_WARN_DIRECT_OBJC_ISA_USAGE = YES_ERROR;
				CLANG_WARN_DOCUMENTATION_COMMENTS = YES;
				CLANG_WARN_EMPTY_BODY = YES;
				CLANG_WARN_ENUM_CONVERSION = YES;
				CLANG_WARN_INFINITE_RECURSION = YES;
				CLANG_WARN_INT_CONVERSION = YES;
				CLANG_WARN_NON_LITERAL_NULL_CONVERSION = YES;
				CLANG_WARN_OBJC_IMPLICIT_RETAIN_SELF = YES;
				CLANG_WARN_OBJC_LITERAL_CONVERSION = YES;
				CLANG_WARN_OBJC_ROOT_CLASS = YES_ERROR;
				CLANG_WARN_QUOTED_INCLUDE_IN_FRAMEWORK_HEADER = YES;
				CLANG_WARN_RANGE_LOOP_ANALYSIS = YES;
				CLANG_WARN_STRICT_PROTOTYPES = YES;
				CLANG_WARN_SUSPICIOUS_MOVE = YES;
				CLANG_WARN_UNGUARDED_AVAILABILITY = YES_AGGRESSIVE;
				CLANG_WARN_UNREACHABLE_CODE = YES;
				CLANG_WARN__DUPLICATE_METHOD_MATCH = YES;
				COPY_PHASE_STRIP = NO;
				DEBUG_INFORMATION_FORMAT = dwarf;
				ENABLE_STRICT_OBJC_MSGSEND = YES;
				ENABLE_TESTABILITY = YES;
				GCC_C_LANGUAGE_STANDARD = gnu11;
				GCC_DYNAMIC_NO_PIC = NO;
				GCC_NO_COMMON_BLOCKS = YES;
				GCC_OPTIMIZATION_LEVEL = 0;
				GCC_PREPROCESSOR_DEFINITIONS = (
					"DEBUG=1",
					"$(inherited)",
				);
				GCC_WARN_64_TO_32_BIT_CONVERSION = YES;
				GCC_WARN_ABOUT_RETURN_TYPE = YES_ERROR;
				GCC_WARN_UNDECLARED_SELECTOR = YES;
				GCC_WARN_UNINITIALIZED_AUTOS = YES_AGGRESSIVE;
				GCC_WARN_UNUSED_FUNCTION = YES;
				GCC_WARN_UNUSED_VARIABLE = YES;
				IPHONEOS_DEPLOYMENT_TARGET = 15.5;
				MTL_ENABLE_DEBUG_INFO = INCLUDE_SOURCE;
				MTL_FAST_MATH = YES;
				ONLY_ACTIVE_ARCH = YES;
				SDKROOT = iphoneos;
				SWIFT_ACTIVE_COMPILATION_CONDITIONS = DEBUG;
				SWIFT_OPTIMIZATION_LEVEL = "-Onone";
			};
			name = Debug;
		};
		DCA793E1287AD52C0008F577 /* Release */ = {
			isa = XCBuildConfiguration;
			buildSettings = {
				ALWAYS_SEARCH_USER_PATHS = NO;
				CLANG_ANALYZER_NONNULL = YES;
				CLANG_ANALYZER_NUMBER_OBJECT_CONVERSION = YES_AGGRESSIVE;
				CLANG_CXX_LANGUAGE_STANDARD = "gnu++17";
				CLANG_ENABLE_MODULES = YES;
				CLANG_ENABLE_OBJC_ARC = YES;
				CLANG_ENABLE_OBJC_WEAK = YES;
				CLANG_WARN_BLOCK_CAPTURE_AUTORELEASING = YES;
				CLANG_WARN_BOOL_CONVERSION = YES;
				CLANG_WARN_COMMA = YES;
				CLANG_WARN_CONSTANT_CONVERSION = YES;
				CLANG_WARN_DEPRECATED_OBJC_IMPLEMENTATIONS = YES;
				CLANG_WARN_DIRECT_OBJC_ISA_USAGE = YES_ERROR;
				CLANG_WARN_DOCUMENTATION_COMMENTS = YES;
				CLANG_WARN_EMPTY_BODY = YES;
				CLANG_WARN_ENUM_CONVERSION = YES;
				CLANG_WARN_INFINITE_RECURSION = YES;
				CLANG_WARN_INT_CONVERSION = YES;
				CLANG_WARN_NON_LITERAL_NULL_CONVERSION = YES;
				CLANG_WARN_OBJC_IMPLICIT_RETAIN_SELF = YES;
				CLANG_WARN_OBJC_LITERAL_CONVERSION = YES;
				CLANG_WARN_OBJC_ROOT_CLASS = YES_ERROR;
				CLANG_WARN_QUOTED_INCLUDE_IN_FRAMEWORK_HEADER = YES;
				CLANG_WARN_RANGE_LOOP_ANALYSIS = YES;
				CLANG_WARN_STRICT_PROTOTYPES = YES;
				CLANG_WARN_SUSPICIOUS_MOVE = YES;
				CLANG_WARN_UNGUARDED_AVAILABILITY = YES_AGGRESSIVE;
				CLANG_WARN_UNREACHABLE_CODE = YES;
				CLANG_WARN__DUPLICATE_METHOD_MATCH = YES;
				COPY_PHASE_STRIP = NO;
				DEBUG_INFORMATION_FORMAT = "dwarf-with-dsym";
				ENABLE_NS_ASSERTIONS = NO;
				ENABLE_STRICT_OBJC_MSGSEND = YES;
				GCC_C_LANGUAGE_STANDARD = gnu11;
				GCC_NO_COMMON_BLOCKS = YES;
				GCC_WARN_64_TO_32_BIT_CONVERSION = YES;
				GCC_WARN_ABOUT_RETURN_TYPE = YES_ERROR;
				GCC_WARN_UNDECLARED_SELECTOR = YES;
				GCC_WARN_UNINITIALIZED_AUTOS = YES_AGGRESSIVE;
				GCC_WARN_UNUSED_FUNCTION = YES;
				GCC_WARN_UNUSED_VARIABLE = YES;
				IPHONEOS_DEPLOYMENT_TARGET = 15.5;
				MTL_ENABLE_DEBUG_INFO = NO;
				MTL_FAST_MATH = YES;
				SDKROOT = iphoneos;
				SWIFT_COMPILATION_MODE = wholemodule;
				SWIFT_OPTIMIZATION_LEVEL = "-O";
				VALIDATE_PRODUCT = YES;
			};
			name = Release;
		};
		DCA793E3287AD52C0008F577 /* Debug */ = {
			isa = XCBuildConfiguration;
			baseConfigurationReference = 6F34048D10CC638FD697EA37 /* Pods-ToDoRealmApp.debug.xcconfig */;
			buildSettings = {
				ASSETCATALOG_COMPILER_APPICON_NAME = AppIcon;
				ASSETCATALOG_COMPILER_GLOBAL_ACCENT_COLOR_NAME = AccentColor;
				CODE_SIGN_STYLE = Automatic;
				CURRENT_PROJECT_VERSION = 1;
				DEVELOPMENT_TEAM = 5KN7899368;
				GENERATE_INFOPLIST_FILE = YES;
				INFOPLIST_FILE = ToDoRealmApp/SupportFiles/Info.plist;
				INFOPLIST_KEY_UIApplicationSupportsIndirectInputEvents = YES;
				INFOPLIST_KEY_UILaunchStoryboardName = LaunchScreen;
				INFOPLIST_KEY_UIMainStoryboardFile = Main;
				INFOPLIST_KEY_UISupportedInterfaceOrientations_iPad = "UIInterfaceOrientationPortrait UIInterfaceOrientationPortraitUpsideDown UIInterfaceOrientationLandscapeLeft UIInterfaceOrientationLandscapeRight";
				INFOPLIST_KEY_UISupportedInterfaceOrientations_iPhone = "UIInterfaceOrientationPortrait UIInterfaceOrientationLandscapeLeft UIInterfaceOrientationLandscapeRight";
				LD_RUNPATH_SEARCH_PATHS = (
					"$(inherited)",
					"@executable_path/Frameworks",
				);
				MARKETING_VERSION = 1.0;
				PRODUCT_BUNDLE_IDENTIFIER = klimenko.ToDoRealmApp;
				PRODUCT_NAME = "$(TARGET_NAME)";
				SWIFT_EMIT_LOC_STRINGS = YES;
				SWIFT_VERSION = 5.0;
				TARGETED_DEVICE_FAMILY = 1;
			};
			name = Debug;
		};
		DCA793E4287AD52C0008F577 /* Release */ = {
			isa = XCBuildConfiguration;
			baseConfigurationReference = 83E6A2DDAEB954EAF2B4A255 /* Pods-ToDoRealmApp.release.xcconfig */;
			buildSettings = {
				ASSETCATALOG_COMPILER_APPICON_NAME = AppIcon;
				ASSETCATALOG_COMPILER_GLOBAL_ACCENT_COLOR_NAME = AccentColor;
				CODE_SIGN_STYLE = Automatic;
				CURRENT_PROJECT_VERSION = 1;
				DEVELOPMENT_TEAM = 5KN7899368;
				GENERATE_INFOPLIST_FILE = YES;
				INFOPLIST_FILE = ToDoRealmApp/SupportFiles/Info.plist;
				INFOPLIST_KEY_UIApplicationSupportsIndirectInputEvents = YES;
				INFOPLIST_KEY_UILaunchStoryboardName = LaunchScreen;
				INFOPLIST_KEY_UIMainStoryboardFile = Main;
				INFOPLIST_KEY_UISupportedInterfaceOrientations_iPad = "UIInterfaceOrientationPortrait UIInterfaceOrientationPortraitUpsideDown UIInterfaceOrientationLandscapeLeft UIInterfaceOrientationLandscapeRight";
				INFOPLIST_KEY_UISupportedInterfaceOrientations_iPhone = "UIInterfaceOrientationPortrait UIInterfaceOrientationLandscapeLeft UIInterfaceOrientationLandscapeRight";
				LD_RUNPATH_SEARCH_PATHS = (
					"$(inherited)",
					"@executable_path/Frameworks",
				);
				MARKETING_VERSION = 1.0;
				PRODUCT_BUNDLE_IDENTIFIER = klimenko.ToDoRealmApp;
				PRODUCT_NAME = "$(TARGET_NAME)";
				SWIFT_EMIT_LOC_STRINGS = YES;
				SWIFT_VERSION = 5.0;
				TARGETED_DEVICE_FAMILY = 1;
			};
			name = Release;
		};
/* End XCBuildConfiguration section */

/* Begin XCConfigurationList section */
		DCA793C9287AD5290008F577 /* Build configuration list for PBXProject "ToDoRealmApp" */ = {
			isa = XCConfigurationList;
			buildConfigurations = (
				DCA793E0287AD52C0008F577 /* Debug */,
				DCA793E1287AD52C0008F577 /* Release */,
			);
			defaultConfigurationIsVisible = 0;
			defaultConfigurationName = Release;
		};
		DCA793E2287AD52C0008F577 /* Build configuration list for PBXNativeTarget "ToDoRealmApp" */ = {
			isa = XCConfigurationList;
			buildConfigurations = (
				DCA793E3287AD52C0008F577 /* Debug */,
				DCA793E4287AD52C0008F577 /* Release */,
			);
			defaultConfigurationIsVisible = 0;
			defaultConfigurationName = Release;
		};
/* End XCConfigurationList section */
	};
	rootObject = DCA793C6287AD5290008F577 /* Project object */;
}
